{
  "version": "3",
  "remote": {
    "https://edge.netlify.com/": "fd941d61d88673d5f28aab283fb86fcc50f08a3bc80ee5470498fcfa88c65cfb",
    "https://edge.netlify.com/bootstrap/config.ts": "0aa0a225d978b89e0e62cbd853701605199e7a84095e55eeb70147faf1a24803",
    "https://edge.netlify.com/bootstrap/context.ts": "b9b4e7cbb67a9d83cb28e45145ba3dfa6f05ad965587ef7e2fb0896da62dd16e",
    "https://edge.netlify.com/bootstrap/cookie.ts": "8b0baae708989ca183c6f3b4ab3d029e6abcbc2e43f93edeb0ff447b3bbc3a05",
    "https://edge.netlify.com/bootstrap/edge_function.ts": "b8253e86aa83c67341f5cfedeba5049d77fbf84dcab7eceff7566b7728ae9b39",
    "https://edge.netlify.com/bootstrap/globals/types.ts": "4d90649d4668839422ef94766c53174c3f19c001886eea3266c082a6197fe2fe"
  },
  "workspace": {
    "packageJson": {
      "dependencies": [
        "npm:@lit-labs/virtualizer@^2.1.0",
        "npm:@mhmo91/schmancy@^0.2.131",
        "npm:@netlify/functions@^3.0.2",
        "npm:@stripe/stripe-js@^6.1.0",
        "npm:@tailwindcss/postcss@^4.0.14",
        "npm:@types/cors@^2.8.17",
        "npm:@vite-pwa/assets-generator@^0.2.6",
        "npm:@vitejs/plugin-legacy@^6.0.2",
        "npm:autoprefixer@^10.4.21",
        "npm:cleave.js@^1.6.0",
        "npm:cors@^2.8.5",
        "npm:dayjs@^1.11.13",
        "npm:firebase-admin@^13.2.0",
        "npm:firebase@^11.4.0",
        "npm:lit@^3.2.1",
        "npm:npm-check-updates@^17.1.15",
        "npm:postcss@^8.5.3",
        "npm:promise-polyfill@^8.3.0",
        "npm:qrcode-generator@^1.4.4",
        "npm:rxjs@^7.8.2",
        "npm:sass@^1.85.1",
        "npm:stripe@^17.7.0",
        "npm:tailwindcss@^4.0.14",
        "npm:ts-lit-plugin@^2.0.2",
        "npm:type-fest@^4.37.0",
        "npm:typescript@^5.8.2",
        "npm:uuid@^11.1.0",
        "npm:vite-plugin-pwa@^0.21.1",
        "npm:vite-plugin-sitemap@^0.7.1",
        "npm:vite-plugin-webfont-dl@^3.10.4",
        "npm:vite@^6.2.2",
        "npm:whatwg-fetch@^3.6.20"
      ]
    }
  }
}
